// !$*UTF8*$!
{
	archiveVersion = 1;
	classes = {
	};
	objectVersion = 46;
	objects = {

/* Begin PBXBuildFile section */
		81B97BA31F69B2160063D0FE /* AppDelegate.swift in Sources */ = {isa = PBXBuildFile; fileRef = 81B97BA21F69B2160063D0FE /* AppDelegate.swift */; };
		81B97BA51F69B2160063D0FE /* ViewController.swift in Sources */ = {isa = PBXBuildFile; fileRef = 81B97BA41F69B2160063D0FE /* ViewController.swift */; };
		81B97BA81F69B2160063D0FE /* Main.storyboard in Resources */ = {isa = PBXBuildFile; fileRef = 81B97BA61F69B2160063D0FE /* Main.storyboard */; };
		81B97BAA1F69B2160063D0FE /* Assets.xcassets in Resources */ = {isa = PBXBuildFile; fileRef = 81B97BA91F69B2160063D0FE /* Assets.xcassets */; };
		81B97BAD1F69B2160063D0FE /* LaunchScreen.storyboard in Resources */ = {isa = PBXBuildFile; fileRef = 81B97BAB1F69B2160063D0FE /* LaunchScreen.storyboard */; };
/* End PBXBuildFile section */

/* Begin PBXFileReference section */
		81B97B9F1F69B2160063D0FE /* aurinko.app */ = {isa = PBXFileReference; explicitFileType = wrapper.application; includeInIndex = 0; path = aurinko.app; sourceTree = BUILT_PRODUCTS_DIR; };
		81B97BA21F69B2160063D0FE /* AppDelegate.swift */ = {isa = PBXFileReference; lastKnownFileType = sourcecode.swift; path = AppDelegate.swift; sourceTree = "<group>"; };
		81B97BA41F69B2160063D0FE /* ViewController.swift */ = {isa = PBXFileReference; lastKnownFileType = sourcecode.swift; path = ViewController.swift; sourceTree = "<group>"; };
		81B97BA71F69B2160063D0FE /* Base */ = {isa = PBXFileReference; lastKnownFileType = file.storyboard; name = Base; path = Base.lproj/Main.storyboard; sourceTree = "<group>"; };
		81B97BA91F69B2160063D0FE /* Assets.xcassets */ = {isa = PBXFileReference; lastKnownFileType = folder.assetcatalog; path = Assets.xcassets; sourceTree = "<group>"; };
		81B97BAC1F69B2160063D0FE /* Base */ = {isa = PBXFileReference; lastKnownFileType = file.storyboard; name = Base; path = Base.lproj/LaunchScreen.storyboard; sourceTree = "<group>"; };
		81B97BAE1F69B2160063D0FE /* Info.plist */ = {isa = PBXFileReference; lastKnownFileType = text.plist.xml; path = Info.plist; sourceTree = "<group>"; };
/* End PBXFileReference section */

/* Begin PBXFrameworksBuildPhase section */
		81B97B9C1F69B2160063D0FE /* Frameworks */ = {
			isa = PBXFrameworksBuildPhase;
			buildActionMask = 2147483647;
			files = (
			);
			runOnlyForDeploymentPostprocessing = 0;
		};
/* End PBXFrameworksBuildPhase section */

/* Begin PBXGroup section */
		81B97B961F69B2160063D0FE = {
			isa = PBXGroup;
			children = (
				81B97BA11F69B2160063D0FE /* aurinko */,
				81B97BA01F69B2160063D0FE /* Products */,
			);
			sourceTree = "<group>";
		};
		81B97BA01F69B2160063D0FE /* Products */ = {
			isa = PBXGroup;
			children = (
				81B97B9F1F69B2160063D0FE /* aurinko.app */,
			);
			name = Products;
			sourceTree = "<group>";
		};
		81B97BA11F69B2160063D0FE /* aurinko */ = {
			isa = PBXGroup;
			children = (
				81B97BA21F69B2160063D0FE /* AppDelegate.swift */,
				81B97BA41F69B2160063D0FE /* ViewController.swift */,
				81B97BA61F69B2160063D0FE /* Main.storyboard */,
				81B97BA91F69B2160063D0FE /* Assets.xcassets */,
				81B97BAB1F69B2160063D0FE /* LaunchScreen.storyboard */,
				81B97BAE1F69B2160063D0FE /* Info.plist */,
			);
			path = aurinko;
			sourceTree = "<group>";
		};
/* End PBXGroup section */

/* Begin PBXNativeTarget section */
		81B97B9E1F69B2160063D0FE /* aurinko */ = {
			isa = PBXNativeTarget;
			buildConfigurationList = 81B97BB11F69B2160063D0FE /* Build configuration list for PBXNativeTarget "aurinko" */;
			buildPhases = (
				81B97B9B1F69B2160063D0FE /* Sources */,
				81B97B9C1F69B2160063D0FE /* Frameworks */,
				81B97B9D1F69B2160063D0FE /* Resources */,
			);
			buildRules = (
			);
			dependencies = (
			);
			name = aurinko;
			productName = aurinko;
			productReference = 81B97B9F1F69B2160063D0FE /* aurinko.app */;
			productType = "com.apple.product-type.application";
		};
/* End PBXNativeTarget section */

/* Begin PBXProject section */
		81B97B971F69B2160063D0FE /* Project object */ = {
			isa = PBXProject;
			attributes = {
				LastSwiftUpdateCheck = 0830;
				LastUpgradeCheck = 0830;
				ORGANIZATIONNAME = Ania;
				TargetAttributes = {
					81B97B9E1F69B2160063D0FE = {
						CreatedOnToolsVersion = 8.3.3;
						ProvisioningStyle = Manual;
					};
				};
			};
			buildConfigurationList = 81B97B9A1F69B2160063D0FE /* Build configuration list for PBXProject "aurinko" */;
			compatibilityVersion = "Xcode 3.2";
			developmentRegion = English;
			hasScannedForEncodings = 0;
			knownRegions = (
				en,
				Base,
			);
			mainGroup = 81B97B961F69B2160063D0FE;
			productRefGroup = 81B97BA01F69B2160063D0FE /* Products */;
			projectDirPath = "";
			projectRoot = "";
			targets = (
				81B97B9E1F69B2160063D0FE /* aurinko */,
			);
		};
/* End PBXProject section */

/* Begin PBXResourcesBuildPhase section */
		81B97B9D1F69B2160063D0FE /* Resources */ = {
			isa = PBXResourcesBuildPhase;
			buildActionMask = 2147483647;
			files = (
				81B97BAD1F69B2160063D0FE /* LaunchScreen.storyboard in Resources */,
				81B97BAA1F69B2160063D0FE /* Assets.xcassets in Resources */,
				81B97BA81F69B2160063D0FE /* Main.storyboard in Resources */,
			);
			runOnlyForDeploymentPostprocessing = 0;
		};
/* End PBXResourcesBuildPhase section */

/* Begin PBXSourcesBuildPhase section */
		81B97B9B1F69B2160063D0FE /* Sources */ = {
			isa = PBXSourcesBuildPhase;
			buildActionMask = 2147483647;
			files = (
				81B97BA51F69B2160063D0FE /* ViewController.swift in Sources */,
				81B97BA31F69B2160063D0FE /* AppDelegate.swift in Sources */,
			);
			runOnlyForDeploymentPostprocessing = 0;
		};
/* End PBXSourcesBuildPhase section */

/* Begin PBXVariantGroup section */
		81B97BA61F69B2160063D0FE /* Main.storyboard */ = {
			isa = PBXVariantGroup;
			children = (
				81B97BA71F69B2160063D0FE /* Base */,
			);
			name = Main.storyboard;
			sourceTree = "<group>";
		};
		81B97BAB1F69B2160063D0FE /* LaunchScreen.storyboard */ = {
			isa = PBXVariantGroup;
			children = (
				81B97BAC1F69B2160063D0FE /* Base */,
			);
			name = LaunchScreen.storyboard;
			sourceTree = "<group>";
		};
/* End PBXVariantGroup section */

/* Begin XCBuildConfiguration section */
		81B97BAF1F69B2160063D0FE /* Debug */ = {
			isa = XCBuildConfiguration;
			buildSettings = {
				ALWAYS_SEARCH_USER_PATHS = NO;
				CLANG_ANALYZER_NONNULL = YES;
				CLANG_ANALYZER_NUMBER_OBJECT_CONVERSION = YES_AGGRESSIVE;
				CLANG_CXX_LANGUAGE_STANDARD = "gnu++0x";
				CLANG_CXX_LIBRARY = "libc++";
				CLANG_ENABLE_MODULES = YES;
				CLANG_ENABLE_OBJC_ARC = YES;
				CLANG_WARN_BOOL_CONVERSION = YES;
				CLANG_WARN_CONSTANT_CONVERSION = YES;
				CLANG_WARN_DIRECT_OBJC_ISA_USAGE = YES_ERROR;
				CLANG_WARN_DOCUMENTATION_COMMENTS = YES;
				CLANG_WARN_EMPTY_BODY = YES;
				CLANG_WARN_ENUM_CONVERSION = YES;
				CLANG_WARN_INFINITE_RECURSION = YES;
				CLANG_WARN_INT_CONVERSION = YES;
				CLANG_WARN_OBJC_ROOT_CLASS = YES_ERROR;
				CLANG_WARN_SUSPICIOUS_MOVE = YES;
				CLANG_WARN_UNREACHABLE_CODE = YES;
				CLANG_WARN__DUPLICATE_METHOD_MATCH = YES;
				"CODE_SIGN_IDENTITY[sdk=iphoneos*]" = "iPhone Developer";
				COPY_PHASE_STRIP = NO;
				DEBUG_INFORMATION_FORMAT = dwarf;
				ENABLE_STRICT_OBJC_MSGSEND = YES;
				ENABLE_TESTABILITY = YES;
				GCC_C_LANGUAGE_STANDARD = gnu99;
				GCC_DYNAMIC_NO_PIC = NO;
				GCC_NO_COMMON_BLOCKS = YES;
				GCC_OPTIMIZATION_LEVEL = 0;
				GCC_PREPROCESSOR_DEFINITIONS = (
					"DEBUG=1",
					"$(inherited)",
				);
				GCC_WARN_64_TO_32_BIT_CONVERSION = YES;
				GCC_WARN_ABOUT_RETURN_TYPE = YES_ERROR;
				GCC_WARN_UNDECLARED_SELECTOR = YES;
				GCC_WARN_UNINITIALIZED_AUTOS = YES_AGGRESSIVE;
				GCC_WARN_UNUSED_FUNCTION = YES;
				GCC_WARN_UNUSED_VARIABLE = YES;
				IPHONEOS_DEPLOYMENT_TARGET = 10.3;
				MTL_ENABLE_DEBUG_INFO = YES;
				ONLY_ACTIVE_ARCH = YES;
				SDKROOT = iphoneos;
				SWIFT_ACTIVE_COMPILATION_CONDITIONS = DEBUG;
				SWIFT_OPTIMIZATION_LEVEL = "-Onone";
				TARGETED_DEVICE_FAMILY = "1,2";
			};
			name = Debug;
		};
		81B97BB01F69B2160063D0FE /* Release */ = {
			isa = XCBuildConfiguration;
			buildSettings = {
				ALWAYS_SEARCH_USER_PATHS = NO;
				CLANG_ANALYZER_NONNULL = YES;
				CLANG_ANALYZER_NUMBER_OBJECT_CONVERSION = YES_AGGRESSIVE;
				CLANG_CXX_LANGUAGE_STANDARD = "gnu++0x";
				CLANG_CXX_LIBRARY = "libc++";
				CLANG_ENABLE_MODULES = YES;
				CLANG_ENABLE_OBJC_ARC = YES;
				CLANG_WARN_BOOL_CONVERSION = YES;
				CLANG_WARN_CONSTANT_CONVERSION = YES;
				CLANG_WARN_DIRECT_OBJC_ISA_USAGE = YES_ERROR;
				CLANG_WARN_DOCUMENTATION_COMMENTS = YES;
				CLANG_WARN_EMPTY_BODY = YES;
				CLANG_WARN_ENUM_CONVERSION = YES;
				CLANG_WARN_INFINITE_RECURSION = YES;
				CLANG_WARN_INT_CONVERSION = YES;
				CLANG_WARN_OBJC_ROOT_CLASS = YES_ERROR;
				CLANG_WARN_SUSPICIOUS_MOVE = YES;
				CLANG_WARN_UNREACHABLE_CODE = YES;
				CLANG_WARN__DUPLICATE_METHOD_MATCH = YES;
				"CODE_SIGN_IDENTITY[sdk=iphoneos*]" = "iPhone Developer";
				COPY_PHASE_STRIP = NO;
				DEBUG_INFORMATION_FORMAT = "dwarf-with-dsym";
				ENABLE_NS_ASSERTIONS = NO;
				ENABLE_STRICT_OBJC_MSGSEND = YES;
				GCC_C_LANGUAGE_STANDARD = gnu99;
				GCC_NO_COMMON_BLOCKS = YES;
				GCC_WARN_64_TO_32_BIT_CONVERSION = YES;
				GCC_WARN_ABOUT_RETURN_TYPE = YES_ERROR;
				GCC_WARN_UNDECLARED_SELECTOR = YES;
				GCC_WARN_UNINITIALIZED_AUTOS = YES_AGGRESSIVE;
				GCC_WARN_UNUSED_FUNCTION = YES;
				GCC_WARN_UNUSED_VARIABLE = YES;
				IPHONEOS_DEPLOYMENT_TARGET = 10.3;
				MTL_ENABLE_DEBUG_INFO = NO;
				SDKROOT = iphoneos;
				SWIFT_OPTIMIZATION_LEVEL = "-Owholemodule";
				TARGETED_DEVICE_FAMILY = "1,2";
				VALIDATE_PRODUCT = YES;
			};
			name = Release;
		};
		81B97BB21F69B2160063D0FE /* Debug */ = {
			isa = XCBuildConfiguration;
			buildSettings = {
				ASSETCATALOG_COMPILER_APPICON_NAME = AppIcon;
				"CODE_SIGN_IDENTITY[sdk=iphoneos*]" = "iPhone Developer";
				DEVELOPMENT_TEAM = "";
				INFOPLIST_FILE = aurinko/Info.plist;
				LD_RUNPATH_SEARCH_PATHS = "$(inherited) @executable_path/Frameworks";
				PRODUCT_BUNDLE_IDENTIFIER = com.promyczek.aurinko;
				PRODUCT_NAME = "$(TARGET_NAME)";
				PROVISIONING_PROFILE_SPECIFIER = "";
				SWIFT_VERSION = 3.0;
			};
			name = Debug;
		};
		81B97BB31F69B2160063D0FE /* Release */ = {
			isa = XCBuildConfiguration;
			buildSettings = {
				ASSETCATALOG_COMPILER_APPICON_NAME = AppIcon;
				"CODE_SIGN_IDENTITY[sdk=iphoneos*]" = "iPhone Developer";
				DEVELOPMENT_TEAM = "";
				INFOPLIST_FILE = aurinko/Info.plist;
				LD_RUNPATH_SEARCH_PATHS = "$(inherited) @executable_path/Frameworks";
				PRODUCT_BUNDLE_IDENTIFIER = com.promyczek.aurinko;
				PRODUCT_NAME = "$(TARGET_NAME)";
				PROVISIONING_PROFILE_SPECIFIER = "";
				SWIFT_VERSION = 3.0;
			};
			name = Release;
		};
/* End XCBuildConfiguration section */

/* Begin XCConfigurationList section */
		81B97B9A1F69B2160063D0FE /* Build configuration list for PBXProject "aurinko" */ = {
			isa = XCConfigurationList;
			buildConfigurations = (
				81B97BAF1F69B2160063D0FE /* Debug */,
				81B97BB01F69B2160063D0FE /* Release */,
			);
			defaultConfigurationIsVisible = 0;
			defaultConfigurationName = Release;
		};
		81B97BB11F69B2160063D0FE /* Build configuration list for PBXNativeTarget "aurinko" */ = {
			isa = XCConfigurationList;
			buildConfigurations = (
				81B97BB21F69B2160063D0FE /* Debug */,
				81B97BB31F69B2160063D0FE /* Release */,
			);
			defaultConfigurationIsVisible = 0;
			defaultConfigurationName = Release;
		};
/* End XCConfigurationList section */
	};
	rootObject = 81B97B971F69B2160063D0FE /* Project object */;
}
