// !$*UTF8*$!
{
	archiveVersion = 1;
	classes = {
	};
	objectVersion = 50;
	objects = {

/* Begin PBXBuildFile section */
		814928EE25448B9600762201 /* fasthabitApp.swift in Sources */ = {isa = PBXBuildFile; fileRef = 814928ED25448B9600762201 /* fasthabitApp.swift */; };
		814928F225448B9900762201 /* Assets.xcassets in Resources */ = {isa = PBXBuildFile; fileRef = 814928F125448B9900762201 /* Assets.xcassets */; };
		814928F525448B9900762201 /* Preview Assets.xcassets in Resources */ = {isa = PBXBuildFile; fileRef = 814928F425448B9900762201 /* Preview Assets.xcassets */; };
		8149290F25448F9200762201 /* SettingsView.swift in Sources */ = {isa = PBXBuildFile; fileRef = 8149290E25448F9200762201 /* SettingsView.swift */; };
		8149291225448FA500762201 /* UserSettings.swift in Sources */ = {isa = PBXBuildFile; fileRef = 8149291125448FA500762201 /* UserSettings.swift */; };
		8149291525448FAC00762201 /* LocalNotificationScheduler.swift in Sources */ = {isa = PBXBuildFile; fileRef = 8149291425448FAC00762201 /* LocalNotificationScheduler.swift */; };
		8149291825448FBC00762201 /* FirstLaunchView.swift in Sources */ = {isa = PBXBuildFile; fileRef = 8149291725448FBC00762201 /* FirstLaunchView.swift */; };
		8149291B25448FC200762201 /* MainView.swift in Sources */ = {isa = PBXBuildFile; fileRef = 8149291A25448FC200762201 /* MainView.swift */; };
/* End PBXBuildFile section */

/* Begin PBXFileReference section */
		814928EA25448B9600762201 /* fasthabit.app */ = {isa = PBXFileReference; explicitFileType = wrapper.application; includeInIndex = 0; path = fasthabit.app; sourceTree = BUILT_PRODUCTS_DIR; };
		814928ED25448B9600762201 /* fasthabitApp.swift */ = {isa = PBXFileReference; lastKnownFileType = sourcecode.swift; path = fasthabitApp.swift; sourceTree = "<group>"; };
		814928F125448B9900762201 /* Assets.xcassets */ = {isa = PBXFileReference; lastKnownFileType = folder.assetcatalog; path = Assets.xcassets; sourceTree = "<group>"; };
		814928F425448B9900762201 /* Preview Assets.xcassets */ = {isa = PBXFileReference; lastKnownFileType = folder.assetcatalog; path = "Preview Assets.xcassets"; sourceTree = "<group>"; };
		814928F625448B9900762201 /* Info.plist */ = {isa = PBXFileReference; lastKnownFileType = text.plist.xml; path = Info.plist; sourceTree = "<group>"; };
		8149290E25448F9200762201 /* SettingsView.swift */ = {isa = PBXFileReference; fileEncoding = 4; lastKnownFileType = sourcecode.swift; path = SettingsView.swift; sourceTree = "<group>"; };
		8149291125448FA500762201 /* UserSettings.swift */ = {isa = PBXFileReference; fileEncoding = 4; lastKnownFileType = sourcecode.swift; path = UserSettings.swift; sourceTree = "<group>"; };
		8149291425448FAC00762201 /* LocalNotificationScheduler.swift */ = {isa = PBXFileReference; fileEncoding = 4; lastKnownFileType = sourcecode.swift; path = LocalNotificationScheduler.swift; sourceTree = "<group>"; };
		8149291725448FBC00762201 /* FirstLaunchView.swift */ = {isa = PBXFileReference; fileEncoding = 4; lastKnownFileType = sourcecode.swift; path = FirstLaunchView.swift; sourceTree = "<group>"; };
		8149291A25448FC200762201 /* MainView.swift */ = {isa = PBXFileReference; fileEncoding = 4; lastKnownFileType = sourcecode.swift; path = MainView.swift; sourceTree = "<group>"; };
/* End PBXFileReference section */

/* Begin PBXFrameworksBuildPhase section */
		814928E725448B9500762201 /* Frameworks */ = {
			isa = PBXFrameworksBuildPhase;
			buildActionMask = 2147483647;
			files = (
			);
			runOnlyForDeploymentPostprocessing = 0;
		};
/* End PBXFrameworksBuildPhase section */

/* Begin PBXGroup section */
		814928E125448B9500762201 = {
			isa = PBXGroup;
			children = (
				814928EC25448B9600762201 /* fasthabit */,
				814928EB25448B9600762201 /* Products */,
			);
			sourceTree = "<group>";
		};
		814928EB25448B9600762201 /* Products */ = {
			isa = PBXGroup;
			children = (
				814928EA25448B9600762201 /* fasthabit.app */,
			);
			name = Products;
			sourceTree = "<group>";
		};
		814928EC25448B9600762201 /* fasthabit */ = {
			isa = PBXGroup;
			children = (
				814928ED25448B9600762201 /* fasthabitApp.swift */,
				8149290E25448F9200762201 /* SettingsView.swift */,
				8149291125448FA500762201 /* UserSettings.swift */,
				8149291425448FAC00762201 /* LocalNotificationScheduler.swift */,
				8149291A25448FC200762201 /* MainView.swift */,
				8149291725448FBC00762201 /* FirstLaunchView.swift */,
				814928F125448B9900762201 /* Assets.xcassets */,
				814928F625448B9900762201 /* Info.plist */,
				814928F325448B9900762201 /* Preview Content */,
			);
			path = fasthabit;
			sourceTree = "<group>";
		};
		814928F325448B9900762201 /* Preview Content */ = {
			isa = PBXGroup;
			children = (
				814928F425448B9900762201 /* Preview Assets.xcassets */,
			);
			path = "Preview Content";
			sourceTree = "<group>";
		};
/* End PBXGroup section */

/* Begin PBXNativeTarget section */
		814928E925448B9500762201 /* fasthabit */ = {
			isa = PBXNativeTarget;
			buildConfigurationList = 814928F925448B9900762201 /* Build configuration list for PBXNativeTarget "fasthabit" */;
			buildPhases = (
				814928E625448B9500762201 /* Sources */,
				814928E725448B9500762201 /* Frameworks */,
				814928E825448B9500762201 /* Resources */,
			);
			buildRules = (
			);
			dependencies = (
			);
			name = fasthabit;
			productName = fasthabit;
			productReference = 814928EA25448B9600762201 /* fasthabit.app */;
			productType = "com.apple.product-type.application";
		};
/* End PBXNativeTarget section */

/* Begin PBXProject section */
		814928E225448B9500762201 /* Project object */ = {
			isa = PBXProject;
			attributes = {
				LastSwiftUpdateCheck = 1200;
				LastUpgradeCheck = 1200;
				TargetAttributes = {
					814928E925448B9500762201 = {
						CreatedOnToolsVersion = 12.0;
					};
				};
			};
			buildConfigurationList = 814928E525448B9500762201 /* Build configuration list for PBXProject "fasthabit" */;
			compatibilityVersion = "Xcode 9.3";
			developmentRegion = en;
			hasScannedForEncodings = 0;
			knownRegions = (
				en,
				Base,
			);
			mainGroup = 814928E125448B9500762201;
			productRefGroup = 814928EB25448B9600762201 /* Products */;
			projectDirPath = "";
			projectRoot = "";
			targets = (
				814928E925448B9500762201 /* fasthabit */,
			);
		};
/* End PBXProject section */

/* Begin PBXResourcesBuildPhase section */
		814928E825448B9500762201 /* Resources */ = {
			isa = PBXResourcesBuildPhase;
			buildActionMask = 2147483647;
			files = (
				814928F525448B9900762201 /* Preview Assets.xcassets in Resources */,
				814928F225448B9900762201 /* Assets.xcassets in Resources */,
			);
			runOnlyForDeploymentPostprocessing = 0;
		};
/* End PBXResourcesBuildPhase section */

/* Begin PBXSourcesBuildPhase section */
		814928E625448B9500762201 /* Sources */ = {
			isa = PBXSourcesBuildPhase;
			buildActionMask = 2147483647;
			files = (
				8149291525448FAC00762201 /* LocalNotificationScheduler.swift in Sources */,
				8149291B25448FC200762201 /* MainView.swift in Sources */,
				8149291825448FBC00762201 /* FirstLaunchView.swift in Sources */,
				8149290F25448F9200762201 /* SettingsView.swift in Sources */,
				8149291225448FA500762201 /* UserSettings.swift in Sources */,
				814928EE25448B9600762201 /* fasthabitApp.swift in Sources */,
			);
			runOnlyForDeploymentPostprocessing = 0;
		};
/* End PBXSourcesBuildPhase section */

/* Begin XCBuildConfiguration section */
		814928F725448B9900762201 /* Debug */ = {
			isa = XCBuildConfiguration;
			buildSettings = {
				ALWAYS_SEARCH_USER_PATHS = NO;
				CLANG_ANALYZER_NONNULL = YES;
				CLANG_ANALYZER_NUMBER_OBJECT_CONVERSION = YES_AGGRESSIVE;
				CLANG_CXX_LANGUAGE_STANDARD = "gnu++14";
				CLANG_CXX_LIBRARY = "libc++";
				CLANG_ENABLE_MODULES = YES;
				CLANG_ENABLE_OBJC_ARC = YES;
				CLANG_ENABLE_OBJC_WEAK = YES;
				CLANG_WARN_BLOCK_CAPTURE_AUTORELEASING = YES;
				CLANG_WARN_BOOL_CONVERSION = YES;
				CLANG_WARN_COMMA = YES;
				CLANG_WARN_CONSTANT_CONVERSION = YES;
				CLANG_WARN_DEPRECATED_OBJC_IMPLEMENTATIONS = YES;
				CLANG_WARN_DIRECT_OBJC_ISA_USAGE = YES_ERROR;
				CLANG_WARN_DOCUMENTATION_COMMENTS = YES;
				CLANG_WARN_EMPTY_BODY = YES;
				CLANG_WARN_ENUM_CONVERSION = YES;
				CLANG_WARN_INFINITE_RECURSION = YES;
				CLANG_WARN_INT_CONVERSION = YES;
				CLANG_WARN_NON_LITERAL_NULL_CONVERSION = YES;
				CLANG_WARN_OBJC_IMPLICIT_RETAIN_SELF = YES;
				CLANG_WARN_OBJC_LITERAL_CONVERSION = YES;
				CLANG_WARN_OBJC_ROOT_CLASS = YES_ERROR;
				CLANG_WARN_QUOTED_INCLUDE_IN_FRAMEWORK_HEADER = YES;
				CLANG_WARN_RANGE_LOOP_ANALYSIS = YES;
				CLANG_WARN_STRICT_PROTOTYPES = YES;
				CLANG_WARN_SUSPICIOUS_MOVE = YES;
				CLANG_WARN_UNGUARDED_AVAILABILITY = YES_AGGRESSIVE;
				CLANG_WARN_UNREACHABLE_CODE = YES;
				CLANG_WARN__DUPLICATE_METHOD_MATCH = YES;
				COPY_PHASE_STRIP = NO;
				DEBUG_INFORMATION_FORMAT = dwarf;
				ENABLE_STRICT_OBJC_MSGSEND = YES;
				ENABLE_TESTABILITY = YES;
				GCC_C_LANGUAGE_STANDARD = gnu11;
				GCC_DYNAMIC_NO_PIC = NO;
				GCC_NO_COMMON_BLOCKS = YES;
				GCC_OPTIMIZATION_LEVEL = 0;
				GCC_PREPROCESSOR_DEFINITIONS = (
					"DEBUG=1",
					"$(inherited)",
				);
				GCC_WARN_64_TO_32_BIT_CONVERSION = YES;
				GCC_WARN_ABOUT_RETURN_TYPE = YES_ERROR;
				GCC_WARN_UNDECLARED_SELECTOR = YES;
				GCC_WARN_UNINITIALIZED_AUTOS = YES_AGGRESSIVE;
				GCC_WARN_UNUSED_FUNCTION = YES;
				GCC_WARN_UNUSED_VARIABLE = YES;
				IPHONEOS_DEPLOYMENT_TARGET = 14.0;
				MTL_ENABLE_DEBUG_INFO = INCLUDE_SOURCE;
				MTL_FAST_MATH = YES;
				ONLY_ACTIVE_ARCH = YES;
				SDKROOT = iphoneos;
				SWIFT_ACTIVE_COMPILATION_CONDITIONS = DEBUG;
				SWIFT_OPTIMIZATION_LEVEL = "-Onone";
			};
			name = Debug;
		};
		814928F825448B9900762201 /* Release */ = {
			isa = XCBuildConfiguration;
			buildSettings = {
				ALWAYS_SEARCH_USER_PATHS = NO;
				CLANG_ANALYZER_NONNULL = YES;
				CLANG_ANALYZER_NUMBER_OBJECT_CONVERSION = YES_AGGRESSIVE;
				CLANG_CXX_LANGUAGE_STANDARD = "gnu++14";
				CLANG_CXX_LIBRARY = "libc++";
				CLANG_ENABLE_MODULES = YES;
				CLANG_ENABLE_OBJC_ARC = YES;
				CLANG_ENABLE_OBJC_WEAK = YES;
				CLANG_WARN_BLOCK_CAPTURE_AUTORELEASING = YES;
				CLANG_WARN_BOOL_CONVERSION = YES;
				CLANG_WARN_COMMA = YES;
				CLANG_WARN_CONSTANT_CONVERSION = YES;
				CLANG_WARN_DEPRECATED_OBJC_IMPLEMENTATIONS = YES;
				CLANG_WARN_DIRECT_OBJC_ISA_USAGE = YES_ERROR;
				CLANG_WARN_DOCUMENTATION_COMMENTS = YES;
				CLANG_WARN_EMPTY_BODY = YES;
				CLANG_WARN_ENUM_CONVERSION = YES;
				CLANG_WARN_INFINITE_RECURSION = YES;
				CLANG_WARN_INT_CONVERSION = YES;
				CLANG_WARN_NON_LITERAL_NULL_CONVERSION = YES;
				CLANG_WARN_OBJC_IMPLICIT_RETAIN_SELF = YES;
				CLANG_WARN_OBJC_LITERAL_CONVERSION = YES;
				CLANG_WARN_OBJC_ROOT_CLASS = YES_ERROR;
				CLANG_WARN_QUOTED_INCLUDE_IN_FRAMEWORK_HEADER = YES;
				CLANG_WARN_RANGE_LOOP_ANALYSIS = YES;
				CLANG_WARN_STRICT_PROTOTYPES = YES;
				CLANG_WARN_SUSPICIOUS_MOVE = YES;
				CLANG_WARN_UNGUARDED_AVAILABILITY = YES_AGGRESSIVE;
				CLANG_WARN_UNREACHABLE_CODE = YES;
				CLANG_WARN__DUPLICATE_METHOD_MATCH = YES;
				COPY_PHASE_STRIP = NO;
				DEBUG_INFORMATION_FORMAT = "dwarf-with-dsym";
				ENABLE_NS_ASSERTIONS = NO;
				ENABLE_STRICT_OBJC_MSGSEND = YES;
				GCC_C_LANGUAGE_STANDARD = gnu11;
				GCC_NO_COMMON_BLOCKS = YES;
				GCC_WARN_64_TO_32_BIT_CONVERSION = YES;
				GCC_WARN_ABOUT_RETURN_TYPE = YES_ERROR;
				GCC_WARN_UNDECLARED_SELECTOR = YES;
				GCC_WARN_UNINITIALIZED_AUTOS = YES_AGGRESSIVE;
				GCC_WARN_UNUSED_FUNCTION = YES;
				GCC_WARN_UNUSED_VARIABLE = YES;
				IPHONEOS_DEPLOYMENT_TARGET = 14.0;
				MTL_ENABLE_DEBUG_INFO = NO;
				MTL_FAST_MATH = YES;
				SDKROOT = iphoneos;
				SWIFT_COMPILATION_MODE = wholemodule;
				SWIFT_OPTIMIZATION_LEVEL = "-O";
				VALIDATE_PRODUCT = YES;
			};
			name = Release;
		};
		814928FA25448B9900762201 /* Debug */ = {
			isa = XCBuildConfiguration;
			buildSettings = {
				ASSETCATALOG_COMPILER_APPICON_NAME = AppIcon;
				ASSETCATALOG_COMPILER_GLOBAL_ACCENT_COLOR_NAME = AccentColor;
				CODE_SIGN_STYLE = Manual;
				DEVELOPMENT_ASSET_PATHS = "\"fasthabit/Preview Content\"";
				DEVELOPMENT_TEAM = "";
				ENABLE_PREVIEWS = YES;
				INFOPLIST_FILE = fasthabit/Info.plist;
				IPHONEOS_DEPLOYMENT_TARGET = 14.0;
				LD_RUNPATH_SEARCH_PATHS = (
					"$(inherited)",
					"@executable_path/Frameworks",
				);
				PRODUCT_BUNDLE_IDENTIFIER = com.zamora.fasthabit;
				PRODUCT_NAME = "$(TARGET_NAME)";
				PROVISIONING_PROFILE_SPECIFIER = "";
				SWIFT_VERSION = 5.0;
				TARGETED_DEVICE_FAMILY = "1,2";
			};
			name = Debug;
		};
		814928FB25448B9900762201 /* Release */ = {
			isa = XCBuildConfiguration;
			buildSettings = {
				ASSETCATALOG_COMPILER_APPICON_NAME = AppIcon;
				ASSETCATALOG_COMPILER_GLOBAL_ACCENT_COLOR_NAME = AccentColor;
				CODE_SIGN_STYLE = Manual;
				DEVELOPMENT_ASSET_PATHS = "\"fasthabit/Preview Content\"";
				DEVELOPMENT_TEAM = "";
				ENABLE_PREVIEWS = YES;
				INFOPLIST_FILE = fasthabit/Info.plist;
				IPHONEOS_DEPLOYMENT_TARGET = 14.0;
				LD_RUNPATH_SEARCH_PATHS = (
					"$(inherited)",
					"@executable_path/Frameworks",
				);
				PRODUCT_BUNDLE_IDENTIFIER = com.zamora.fasthabit;
				PRODUCT_NAME = "$(TARGET_NAME)";
				PROVISIONING_PROFILE_SPECIFIER = "";
				SWIFT_VERSION = 5.0;
				TARGETED_DEVICE_FAMILY = "1,2";
			};
			name = Release;
		};
/* End XCBuildConfiguration section */

/* Begin XCConfigurationList section */
		814928E525448B9500762201 /* Build configuration list for PBXProject "fasthabit" */ = {
			isa = XCConfigurationList;
			buildConfigurations = (
				814928F725448B9900762201 /* Debug */,
				814928F825448B9900762201 /* Release */,
			);
			defaultConfigurationIsVisible = 0;
			defaultConfigurationName = Release;
		};
		814928F925448B9900762201 /* Build configuration list for PBXNativeTarget "fasthabit" */ = {
			isa = XCConfigurationList;
			buildConfigurations = (
				814928FA25448B9900762201 /* Debug */,
				814928FB25448B9900762201 /* Release */,
			);
			defaultConfigurationIsVisible = 0;
			defaultConfigurationName = Release;
		};
/* End XCConfigurationList section */
	};
	rootObject = 814928E225448B9500762201 /* Project object */;
}
